
Microsoft Visual Studio Solution File, Format Version 12.00
# Visual Studio Version 17
VisualStudioVersion = 17.12.35521.163
MinimumVisualStudioVersion = 10.0.40219.1
Project("{FAE04EC0-301F-11D3-BF4B-00C04F79EFBC}") = "EclipseWorksTest", "EclipseWorksTest\EclipseWorksTest.csproj", "{FE9D6017-C664-42C9-92F1-5874548BF05D}"
EndProject
Project("{2150E333-8FDC-42A3-9474-1A3956D46DE8}") = "01 - API", "01 - API", "{3A8F558C-B2DB-4DF1-8D58-684395D1B9F1}"
EndProject
Project("{2150E333-8FDC-42A3-9474-1A3956D46DE8}") = "02 - AppService", "02 - AppService", "{67E74097-0D6E-4B9C-91B9-9C57B18DF954}"
EndProject
Project("{2150E333-8FDC-42A3-9474-1A3956D46DE8}") = "03 - Domain", "03 - Domain", "{6683B09C-6A25-40FE-8C55-7BAD8ECF0C35}"
EndProject
Project("{2150E333-8FDC-42A3-9474-1A3956D46DE8}") = "04 - Infra", "04 - Infra", "{8B63B4A4-308A-4C1C-830D-F145E88DE1EB}"
EndProject
Project("{2150E333-8FDC-42A3-9474-1A3956D46DE8}") = "05 - CrossCutting", "05 - CrossCutting", "{350648F4-F3F0-4B3D-B879-BAFB8E90D3C6}"
EndProject
Project("{FAE04EC0-301F-11D3-BF4B-00C04F79EFBC}") = "EclipseWorksTest.CrossCutting", "EclipseWorksTest.CrossCutting\EclipseWorksTest.CrossCutting.csproj", "{A0CA5020-84DE-4DEC-B9FB-A7C371ABBE26}"
EndProject
Project("{FAE04EC0-301F-11D3-BF4B-00C04F79EFBC}") = "EclipseWorksTest.Infra.Data", "EclipseWorksTest.Infra.Data\EclipseWorksTest.Infra.Data.csproj", "{2EDCAFE3-850B-4DB5-BDC2-0F837889CE2A}"
EndProject
Project("{2150E333-8FDC-42A3-9474-1A3956D46DE8}") = "04.1 - Data", "04.1 - Data", "{648D7D8A-FD56-4705-A48E-AA33D1EBDB53}"
EndProject
Project("{FAE04EC0-301F-11D3-BF4B-00C04F79EFBC}") = "EclipseWorksTest.Domain", "EclipseWorksTest.Domain\EclipseWorksTest.Domain.csproj", "{68D0B883-4367-4590-9D0A-E77AAA23CAEF}"
EndProject
Project("{FAE04EC0-301F-11D3-BF4B-00C04F79EFBC}") = "EclipseWorksTest.AppService", "EclipseWorksTest.AppService\EclipseWorksTest.AppService.csproj", "{E4FDF8A4-BE9D-451E-A01D-AE270DF6F5E5}"
EndProject
Project("{2150E333-8FDC-42A3-9474-1A3956D46DE8}") = "06 - Tests", "06 - Tests", "{99F0CEB3-2D99-4355-A099-DF800C55BC6C}"
EndProject
Project("{FAE04EC0-301F-11D3-BF4B-00C04F79EFBC}") = "Domain.Tests", "Domain.Tests\Domain.Tests.csproj", "{82A950ED-6449-4200-9054-E8FDBDABBFFA}"
EndProject
Project("{E53339B2-1760-4266-BCC7-CA923CBCF16C}") = "docker-compose", "docker-compose.dcproj", "{2CE630B0-F9F6-4464-A98F-DD9881610DE7}"
EndProject
Project("{FAE04EC0-301F-11D3-BF4B-00C04F79EFBC}") = "API.Tests", "API.Tests\API.Tests.csproj", "{B116BCE0-8537-49EB-871A-D20362A8AFFF}"
EndProject
Global
	GlobalSection(SolutionConfigurationPlatforms) = preSolution
		Debug|Any CPU = Debug|Any CPU
		Release|Any CPU = Release|Any CPU
	EndGlobalSection
	GlobalSection(ProjectConfigurationPlatforms) = postSolution
		{FE9D6017-C664-42C9-92F1-5874548BF05D}.Debug|Any CPU.ActiveCfg = Debug|Any CPU
		{FE9D6017-C664-42C9-92F1-5874548BF05D}.Debug|Any CPU.Build.0 = Debug|Any CPU
		{FE9D6017-C664-42C9-92F1-5874548BF05D}.Release|Any CPU.ActiveCfg = Release|Any CPU
		{FE9D6017-C664-42C9-92F1-5874548BF05D}.Release|Any CPU.Build.0 = Release|Any CPU
		{A0CA5020-84DE-4DEC-B9FB-A7C371ABBE26}.Debug|Any CPU.ActiveCfg = Debug|Any CPU
		{A0CA5020-84DE-4DEC-B9FB-A7C371ABBE26}.Debug|Any CPU.Build.0 = Debug|Any CPU
		{A0CA5020-84DE-4DEC-B9FB-A7C371ABBE26}.Release|Any CPU.ActiveCfg = Release|Any CPU
		{A0CA5020-84DE-4DEC-B9FB-A7C371ABBE26}.Release|Any CPU.Build.0 = Release|Any CPU
		{2EDCAFE3-850B-4DB5-BDC2-0F837889CE2A}.Debug|Any CPU.ActiveCfg = Debug|Any CPU
		{2EDCAFE3-850B-4DB5-BDC2-0F837889CE2A}.Debug|Any CPU.Build.0 = Debug|Any CPU
		{2EDCAFE3-850B-4DB5-BDC2-0F837889CE2A}.Release|Any CPU.ActiveCfg = Release|Any CPU
		{2EDCAFE3-850B-4DB5-BDC2-0F837889CE2A}.Release|Any CPU.Build.0 = Release|Any CPU
		{68D0B883-4367-4590-9D0A-E77AAA23CAEF}.Debug|Any CPU.ActiveCfg = Debug|Any CPU
		{68D0B883-4367-4590-9D0A-E77AAA23CAEF}.Debug|Any CPU.Build.0 = Debug|Any CPU
		{68D0B883-4367-4590-9D0A-E77AAA23CAEF}.Release|Any CPU.ActiveCfg = Release|Any CPU
		{68D0B883-4367-4590-9D0A-E77AAA23CAEF}.Release|Any CPU.Build.0 = Release|Any CPU
		{E4FDF8A4-BE9D-451E-A01D-AE270DF6F5E5}.Debug|Any CPU.ActiveCfg = Debug|Any CPU
		{E4FDF8A4-BE9D-451E-A01D-AE270DF6F5E5}.Debug|Any CPU.Build.0 = Debug|Any CPU
		{E4FDF8A4-BE9D-451E-A01D-AE270DF6F5E5}.Release|Any CPU.ActiveCfg = Release|Any CPU
		{E4FDF8A4-BE9D-451E-A01D-AE270DF6F5E5}.Release|Any CPU.Build.0 = Release|Any CPU
		{82A950ED-6449-4200-9054-E8FDBDABBFFA}.Debug|Any CPU.ActiveCfg = Debug|Any CPU
		{82A950ED-6449-4200-9054-E8FDBDABBFFA}.Debug|Any CPU.Build.0 = Debug|Any CPU
		{82A950ED-6449-4200-9054-E8FDBDABBFFA}.Release|Any CPU.ActiveCfg = Release|Any CPU
		{82A950ED-6449-4200-9054-E8FDBDABBFFA}.Release|Any CPU.Build.0 = Release|Any CPU
		{2CE630B0-F9F6-4464-A98F-DD9881610DE7}.Debug|Any CPU.ActiveCfg = Debug|Any CPU
		{2CE630B0-F9F6-4464-A98F-DD9881610DE7}.Debug|Any CPU.Build.0 = Debug|Any CPU
		{2CE630B0-F9F6-4464-A98F-DD9881610DE7}.Release|Any CPU.ActiveCfg = Release|Any CPU
		{2CE630B0-F9F6-4464-A98F-DD9881610DE7}.Release|Any CPU.Build.0 = Release|Any CPU
		{B116BCE0-8537-49EB-871A-D20362A8AFFF}.Debug|Any CPU.ActiveCfg = Debug|Any CPU
		{B116BCE0-8537-49EB-871A-D20362A8AFFF}.Debug|Any CPU.Build.0 = Debug|Any CPU
		{B116BCE0-8537-49EB-871A-D20362A8AFFF}.Release|Any CPU.ActiveCfg = Release|Any CPU
		{B116BCE0-8537-49EB-871A-D20362A8AFFF}.Release|Any CPU.Build.0 = Release|Any CPU
	EndGlobalSection
	GlobalSection(SolutionProperties) = preSolution
		HideSolutionNode = FALSE
	EndGlobalSection
	GlobalSection(NestedProjects) = preSolution
		{FE9D6017-C664-42C9-92F1-5874548BF05D} = {3A8F558C-B2DB-4DF1-8D58-684395D1B9F1}
		{A0CA5020-84DE-4DEC-B9FB-A7C371ABBE26} = {350648F4-F3F0-4B3D-B879-BAFB8E90D3C6}
		{2EDCAFE3-850B-4DB5-BDC2-0F837889CE2A} = {648D7D8A-FD56-4705-A48E-AA33D1EBDB53}
		{648D7D8A-FD56-4705-A48E-AA33D1EBDB53} = {8B63B4A4-308A-4C1C-830D-F145E88DE1EB}
		{68D0B883-4367-4590-9D0A-E77AAA23CAEF} = {6683B09C-6A25-40FE-8C55-7BAD8ECF0C35}
		{E4FDF8A4-BE9D-451E-A01D-AE270DF6F5E5} = {67E74097-0D6E-4B9C-91B9-9C57B18DF954}
		{82A950ED-6449-4200-9054-E8FDBDABBFFA} = {99F0CEB3-2D99-4355-A099-DF800C55BC6C}
		{B116BCE0-8537-49EB-871A-D20362A8AFFF} = {99F0CEB3-2D99-4355-A099-DF800C55BC6C}
	EndGlobalSection
EndGlobal
